// !$*UTF8*$!
{
	archiveVersion = 1;
	classes = {
	};
	objectVersion = 46;
	objects = {

/* Begin PBXBuildFile section */
		2C466C3C1D7D5CF700CFDBAE /* background.png in Resources */ = {isa = PBXBuildFile; fileRef = 2C466C3B1D7D5CF700CFDBAE /* background.png */; };
		2C466C3E1D7D5D0400CFDBAE /* plane2.png in Resources */ = {isa = PBXBuildFile; fileRef = 2C466C3D1D7D5D0400CFDBAE /* plane2.png */; };
		2CA205B81D7D551D00B6D305 /* AppDelegate.swift in Sources */ = {isa = PBXBuildFile; fileRef = 2CA205B71D7D551D00B6D305 /* AppDelegate.swift */; };
		2CA205BC1D7D551D00B6D305 /* GameScene.swift in Sources */ = {isa = PBXBuildFile; fileRef = 2CA205BB1D7D551D00B6D305 /* GameScene.swift */; };
		2CA205BE1D7D551D00B6D305 /* GameViewController.swift in Sources */ = {isa = PBXBuildFile; fileRef = 2CA205BD1D7D551D00B6D305 /* GameViewController.swift */; };
		2CA205C11D7D551D00B6D305 /* Main.storyboard in Resources */ = {isa = PBXBuildFile; fileRef = 2CA205BF1D7D551D00B6D305 /* Main.storyboard */; };
		2CA205C31D7D551D00B6D305 /* Assets.xcassets in Resources */ = {isa = PBXBuildFile; fileRef = 2CA205C21D7D551D00B6D305 /* Assets.xcassets */; };
		2CA205C61D7D551D00B6D305 /* LaunchScreen.storyboard in Resources */ = {isa = PBXBuildFile; fileRef = 2CA205C41D7D551D00B6D305 /* LaunchScreen.storyboard */; };
		2CA205CE1D7D57F000B6D305 /* 1945-logo.png in Resources */ = {isa = PBXBuildFile; fileRef = 2CA205CD1D7D57F000B6D305 /* 1945-logo.png */; };
		2CCB27921D7D7FA200F4BAB4 /* Ultilities.swift in Sources */ = {isa = PBXBuildFile; fileRef = 2CCB27911D7D7FA200F4BAB4 /* Ultilities.swift */; };
/* End PBXBuildFile section */

/* Begin PBXFileReference section */
		2C466C3B1D7D5CF700CFDBAE /* background.png */ = {isa = PBXFileReference; lastKnownFileType = image.png; path = background.png; sourceTree = "<group>"; };
		2C466C3D1D7D5D0400CFDBAE /* plane2.png */ = {isa = PBXFileReference; lastKnownFileType = image.png; path = plane2.png; sourceTree = "<group>"; };
		2CA205B41D7D551D00B6D305 /* Session2.app */ = {isa = PBXFileReference; explicitFileType = wrapper.application; includeInIndex = 0; path = Session2.app; sourceTree = BUILT_PRODUCTS_DIR; };
		2CA205B71D7D551D00B6D305 /* AppDelegate.swift */ = {isa = PBXFileReference; lastKnownFileType = sourcecode.swift; path = AppDelegate.swift; sourceTree = "<group>"; };
		2CA205BB1D7D551D00B6D305 /* GameScene.swift */ = {isa = PBXFileReference; lastKnownFileType = sourcecode.swift; path = GameScene.swift; sourceTree = "<group>"; };
		2CA205BD1D7D551D00B6D305 /* GameViewController.swift */ = {isa = PBXFileReference; lastKnownFileType = sourcecode.swift; path = GameViewController.swift; sourceTree = "<group>"; };
		2CA205C01D7D551D00B6D305 /* Base */ = {isa = PBXFileReference; lastKnownFileType = file.storyboard; name = Base; path = Base.lproj/Main.storyboard; sourceTree = "<group>"; };
		2CA205C21D7D551D00B6D305 /* Assets.xcassets */ = {isa = PBXFileReference; lastKnownFileType = folder.assetcatalog; path = Assets.xcassets; sourceTree = "<group>"; };
		2CA205C51D7D551D00B6D305 /* Base */ = {isa = PBXFileReference; lastKnownFileType = file.storyboard; name = Base; path = Base.lproj/LaunchScreen.storyboard; sourceTree = "<group>"; };
		2CA205C71D7D551D00B6D305 /* Info.plist */ = {isa = PBXFileReference; lastKnownFileType = text.plist.xml; path = Info.plist; sourceTree = "<group>"; };
		2CA205CD1D7D57F000B6D305 /* 1945-logo.png */ = {isa = PBXFileReference; lastKnownFileType = image.png; path = "1945-logo.png"; sourceTree = "<group>"; };
		2CCB27911D7D7FA200F4BAB4 /* Ultilities.swift */ = {isa = PBXFileReference; fileEncoding = 4; lastKnownFileType = sourcecode.swift; path = Ultilities.swift; sourceTree = "<group>"; };
/* End PBXFileReference section */

/* Begin PBXFrameworksBuildPhase section */
		2CA205B11D7D551D00B6D305 /* Frameworks */ = {
			isa = PBXFrameworksBuildPhase;
			buildActionMask = 2147483647;
			files = (
			);
			runOnlyForDeploymentPostprocessing = 0;
		};
/* End PBXFrameworksBuildPhase section */

/* Begin PBXGroup section */
		2CA205AB1D7D551D00B6D305 = {
			isa = PBXGroup;
			children = (
				2CA205B61D7D551D00B6D305 /* Session2 */,
				2CA205B51D7D551D00B6D305 /* Products */,
			);
			sourceTree = "<group>";
		};
		2CA205B51D7D551D00B6D305 /* Products */ = {
			isa = PBXGroup;
			children = (
				2CA205B41D7D551D00B6D305 /* Session2.app */,
			);
			name = Products;
			sourceTree = "<group>";
		};
		2CA205B61D7D551D00B6D305 /* Session2 */ = {
			isa = PBXGroup;
			children = (
				2CCB27901D7D7F9000F4BAB4 /* Utilities */,
				2CA205CD1D7D57F000B6D305 /* 1945-logo.png */,
				2C466C3B1D7D5CF700CFDBAE /* background.png */,
				2C466C3D1D7D5D0400CFDBAE /* plane2.png */,
				2CA205B71D7D551D00B6D305 /* AppDelegate.swift */,
				2CA205BB1D7D551D00B6D305 /* GameScene.swift */,
				2CA205BD1D7D551D00B6D305 /* GameViewController.swift */,
				2CA205BF1D7D551D00B6D305 /* Main.storyboard */,
				2CA205C21D7D551D00B6D305 /* Assets.xcassets */,
				2CA205C41D7D551D00B6D305 /* LaunchScreen.storyboard */,
				2CA205C71D7D551D00B6D305 /* Info.plist */,
			);
			path = Session2;
			sourceTree = "<group>";
		};
		2CCB27901D7D7F9000F4BAB4 /* Utilities */ = {
			isa = PBXGroup;
			children = (
				2CCB27911D7D7FA200F4BAB4 /* Ultilities.swift */,
			);
			name = Utilities;
			sourceTree = "<group>";
		};
/* End PBXGroup section */

/* Begin PBXNativeTarget section */
		2CA205B31D7D551D00B6D305 /* Session2 */ = {
			isa = PBXNativeTarget;
			buildConfigurationList = 2CA205CA1D7D551D00B6D305 /* Build configuration list for PBXNativeTarget "Session2" */;
			buildPhases = (
				2CA205B01D7D551D00B6D305 /* Sources */,
				2CA205B11D7D551D00B6D305 /* Frameworks */,
				2CA205B21D7D551D00B6D305 /* Resources */,
			);
			buildRules = (
			);
			dependencies = (
			);
			name = Session2;
			productName = Session2;
			productReference = 2CA205B41D7D551D00B6D305 /* Session2.app */;
			productType = "com.apple.product-type.application";
		};
/* End PBXNativeTarget section */

/* Begin PBXProject section */
		2CA205AC1D7D551D00B6D305 /* Project object */ = {
			isa = PBXProject;
			attributes = {
				LastSwiftUpdateCheck = 0730;
				LastUpgradeCheck = 0730;
				ORGANIZATIONNAME = SonVu;
				TargetAttributes = {
					2CA205B31D7D551D00B6D305 = {
						CreatedOnToolsVersion = 7.3.1;
					};
				};
			};
			buildConfigurationList = 2CA205AF1D7D551D00B6D305 /* Build configuration list for PBXProject "Session2" */;
			compatibilityVersion = "Xcode 3.2";
			developmentRegion = English;
			hasScannedForEncodings = 0;
			knownRegions = (
				en,
				Base,
			);
			mainGroup = 2CA205AB1D7D551D00B6D305;
			productRefGroup = 2CA205B51D7D551D00B6D305 /* Products */;
			projectDirPath = "";
			projectRoot = "";
			targets = (
				2CA205B31D7D551D00B6D305 /* Session2 */,
			);
		};
/* End PBXProject section */

/* Begin PBXResourcesBuildPhase section */
		2CA205B21D7D551D00B6D305 /* Resources */ = {
			isa = PBXResourcesBuildPhase;
			buildActionMask = 2147483647;
			files = (
				2CA205C61D7D551D00B6D305 /* LaunchScreen.storyboard in Resources */,
				2C466C3C1D7D5CF700CFDBAE /* background.png in Resources */,
				2CA205CE1D7D57F000B6D305 /* 1945-logo.png in Resources */,
				2C466C3E1D7D5D0400CFDBAE /* plane2.png in Resources */,
				2CA205C31D7D551D00B6D305 /* Assets.xcassets in Resources */,
				2CA205C11D7D551D00B6D305 /* Main.storyboard in Resources */,
			);
			runOnlyForDeploymentPostprocessing = 0;
		};
/* End PBXResourcesBuildPhase section */

/* Begin PBXSourcesBuildPhase section */
		2CA205B01D7D551D00B6D305 /* Sources */ = {
			isa = PBXSourcesBuildPhase;
			buildActionMask = 2147483647;
			files = (
				2CA205BC1D7D551D00B6D305 /* GameScene.swift in Sources */,
				2CA205BE1D7D551D00B6D305 /* GameViewController.swift in Sources */,
				2CA205B81D7D551D00B6D305 /* AppDelegate.swift in Sources */,
				2CCB27921D7D7FA200F4BAB4 /* Ultilities.swift in Sources */,
			);
			runOnlyForDeploymentPostprocessing = 0;
		};
/* End PBXSourcesBuildPhase section */

/* Begin PBXVariantGroup section */
		2CA205BF1D7D551D00B6D305 /* Main.storyboard */ = {
			isa = PBXVariantGroup;
			children = (
				2CA205C01D7D551D00B6D305 /* Base */,
			);
			name = Main.storyboard;
			sourceTree = "<group>";
		};
		2CA205C41D7D551D00B6D305 /* LaunchScreen.storyboard */ = {
			isa = PBXVariantGroup;
			children = (
				2CA205C51D7D551D00B6D305 /* Base */,
			);
			name = LaunchScreen.storyboard;
			sourceTree = "<group>";
		};
/* End PBXVariantGroup section */

/* Begin XCBuildConfiguration section */
		2CA205C81D7D551D00B6D305 /* Debug */ = {
			isa = XCBuildConfiguration;
			buildSettings = {
				ALWAYS_SEARCH_USER_PATHS = NO;
				CLANG_ANALYZER_NONNULL = YES;
				CLANG_CXX_LANGUAGE_STANDARD = "gnu++0x";
				CLANG_CXX_LIBRARY = "libc++";
				CLANG_ENABLE_MODULES = YES;
				CLANG_ENABLE_OBJC_ARC = YES;
				CLANG_WARN_BOOL_CONVERSION = YES;
				CLANG_WARN_CONSTANT_CONVERSION = YES;
				CLANG_WARN_DIRECT_OBJC_ISA_USAGE = YES_ERROR;
				CLANG_WARN_EMPTY_BODY = YES;
				CLANG_WARN_ENUM_CONVERSION = YES;
				CLANG_WARN_INT_CONVERSION = YES;
				CLANG_WARN_OBJC_ROOT_CLASS = YES_ERROR;
				CLANG_WARN_UNREACHABLE_CODE = YES;
				CLANG_WARN__DUPLICATE_METHOD_MATCH = YES;
				"CODE_SIGN_IDENTITY[sdk=iphoneos*]" = "iPhone Developer";
				COPY_PHASE_STRIP = NO;
				DEBUG_INFORMATION_FORMAT = "dwarf-with-dsym";
				ENABLE_STRICT_OBJC_MSGSEND = YES;
				ENABLE_TESTABILITY = YES;
				GCC_C_LANGUAGE_STANDARD = gnu99;
				GCC_DYNAMIC_NO_PIC = NO;
				GCC_NO_COMMON_BLOCKS = YES;
				GCC_OPTIMIZATION_LEVEL = 0;
				GCC_PREPROCESSOR_DEFINITIONS = (
					"DEBUG=1",
					"$(inherited)",
				);
				GCC_WARN_64_TO_32_BIT_CONVERSION = YES;
				GCC_WARN_ABOUT_RETURN_TYPE = YES_ERROR;
				GCC_WARN_UNDECLARED_SELECTOR = YES;
				GCC_WARN_UNINITIALIZED_AUTOS = YES_AGGRESSIVE;
				GCC_WARN_UNUSED_FUNCTION = YES;
				GCC_WARN_UNUSED_VARIABLE = YES;
				IPHONEOS_DEPLOYMENT_TARGET = 9.3;
				MTL_ENABLE_DEBUG_INFO = YES;
				ONLY_ACTIVE_ARCH = YES;
				SDKROOT = iphoneos;
				SWIFT_OPTIMIZATION_LEVEL = "-Onone";
				TARGETED_DEVICE_FAMILY = "1,2";
			};
			name = Debug;
		};
		2CA205C91D7D551D00B6D305 /* Release */ = {
			isa = XCBuildConfiguration;
			buildSettings = {
				ALWAYS_SEARCH_USER_PATHS = NO;
				CLANG_ANALYZER_NONNULL = YES;
				CLANG_CXX_LANGUAGE_STANDARD = "gnu++0x";
				CLANG_CXX_LIBRARY = "libc++";
				CLANG_ENABLE_MODULES = YES;
				CLANG_ENABLE_OBJC_ARC = YES;
				CLANG_WARN_BOOL_CONVERSION = YES;
				CLANG_WARN_CONSTANT_CONVERSION = YES;
				CLANG_WARN_DIRECT_OBJC_ISA_USAGE = YES_ERROR;
				CLANG_WARN_EMPTY_BODY = YES;
				CLANG_WARN_ENUM_CONVERSION = YES;
				CLANG_WARN_INT_CONVERSION = YES;
				CLANG_WARN_OBJC_ROOT_CLASS = YES_ERROR;
				CLANG_WARN_UNREACHABLE_CODE = YES;
				CLANG_WARN__DUPLICATE_METHOD_MATCH = YES;
				"CODE_SIGN_IDENTITY[sdk=iphoneos*]" = "iPhone Developer";
				COPY_PHASE_STRIP = NO;
				DEBUG_INFORMATION_FORMAT = "dwarf-with-dsym";
				ENABLE_NS_ASSERTIONS = NO;
				ENABLE_STRICT_OBJC_MSGSEND = YES;
				GCC_C_LANGUAGE_STANDARD = gnu99;
				GCC_NO_COMMON_BLOCKS = YES;
				GCC_WARN_64_TO_32_BIT_CONVERSION = YES;
				GCC_WARN_ABOUT_RETURN_TYPE = YES_ERROR;
				GCC_WARN_UNDECLARED_SELECTOR = YES;
				GCC_WARN_UNINITIALIZED_AUTOS = YES_AGGRESSIVE;
				GCC_WARN_UNUSED_FUNCTION = YES;
				GCC_WARN_UNUSED_VARIABLE = YES;
				IPHONEOS_DEPLOYMENT_TARGET = 9.3;
				MTL_ENABLE_DEBUG_INFO = NO;
				SDKROOT = iphoneos;
				TARGETED_DEVICE_FAMILY = "1,2";
				VALIDATE_PRODUCT = YES;
			};
			name = Release;
		};
		2CA205CB1D7D551D00B6D305 /* Debug */ = {
			isa = XCBuildConfiguration;
			buildSettings = {
				ASSETCATALOG_COMPILER_APPICON_NAME = AppIcon;
				CODE_SIGN_IDENTITY = "iPhone Developer";
				"CODE_SIGN_IDENTITY[sdk=iphoneos*]" = "iPhone Developer";
				INFOPLIST_FILE = Session2/Info.plist;
				IPHONEOS_DEPLOYMENT_TARGET = 7.0;
				LD_RUNPATH_SEARCH_PATHS = "$(inherited) @executable_path/Frameworks";
				PRODUCT_BUNDLE_IDENTIFIER = vn.techkids.Session2;
				PRODUCT_NAME = "$(TARGET_NAME)";
				PROVISIONING_PROFILE = "";
			};
			name = Debug;
		};
		2CA205CC1D7D551D00B6D305 /* Release */ = {
			isa = XCBuildConfiguration;
			buildSettings = {
				ASSETCATALOG_COMPILER_APPICON_NAME = AppIcon;
				CODE_SIGN_IDENTITY = "iPhone Developer";
				"CODE_SIGN_IDENTITY[sdk=iphoneos*]" = "iPhone Developer";
				INFOPLIST_FILE = Session2/Info.plist;
				IPHONEOS_DEPLOYMENT_TARGET = 7.0;
				LD_RUNPATH_SEARCH_PATHS = "$(inherited) @executable_path/Frameworks";
				PRODUCT_BUNDLE_IDENTIFIER = vn.techkids.Session2;
				PRODUCT_NAME = "$(TARGET_NAME)";
				PROVISIONING_PROFILE = "";
			};
			name = Release;
		};
/* End XCBuildConfiguration section */

/* Begin XCConfigurationList section */
		2CA205AF1D7D551D00B6D305 /* Build configuration list for PBXProject "Session2" */ = {
			isa = XCConfigurationList;
			buildConfigurations = (
				2CA205C81D7D551D00B6D305 /* Debug */,
				2CA205C91D7D551D00B6D305 /* Release */,
			);
			defaultConfigurationIsVisible = 0;
			defaultConfigurationName = Release;
		};
		2CA205CA1D7D551D00B6D305 /* Build configuration list for PBXNativeTarget "Session2" */ = {
			isa = XCConfigurationList;
			buildConfigurations = (
				2CA205CB1D7D551D00B6D305 /* Debug */,
				2CA205CC1D7D551D00B6D305 /* Release */,
			);
			defaultConfigurationIsVisible = 0;
			defaultConfigurationName = Release;
		};
/* End XCConfigurationList section */
	};
	rootObject = 2CA205AC1D7D551D00B6D305 /* Project object */;
}
